
Microsoft Visual Studio Solution File, Format Version 12.00
# Visual Studio Version 16
VisualStudioVersion = 16.0.31515.178
MinimumVisualStudioVersion = 10.0.40219.1
Project("{8BC9CEB8-8B4A-11D0-8D11-00A0C91BC942}") = "UnitTest", "UnitTest\UnitTest.vcxproj", "{F17D112F-3D02-4A6B-BB8D-14E7D409774E}"
EndProject
Project("{8BC9CEB8-8B4A-11D0-8D11-00A0C91BC942}") = "VlppImport", "VlppImport\VlppImport.vcxitems", "{A0F12141-32D6-47D6-8633-61BFE909DA3E}"
EndProject
Project("{8BC9CEB8-8B4A-11D0-8D11-00A0C91BC942}") = "VlppParser", "VlppParser\VlppParser.vcxitems", "{4A6E8593-D893-4605-8DF1-EEEBD47C63E8}"
EndProject
Project("{8BC9CEB8-8B4A-11D0-8D11-00A0C91BC942}") = "VlppParser_Generated", "VlppParser_Generated\VlppParser_Generated.vcxitems", "{7797F674-265A-4A2A-ACDD-CCD91074C67A}"
EndProject
Global
	GlobalSection(SharedMSBuildProjectFiles) = preSolution
		VlppParser\VlppParser.vcxitems*{4a6e8593-d893-4605-8df1-eeebd47c63e8}*SharedItemsImports = 9
		VlppParser_Generated\VlppParser_Generated.vcxitems*{7797f674-265a-4a2a-acdd-ccd91074c67a}*SharedItemsImports = 9
		VlppImport\VlppImport.vcxitems*{a0f12141-32d6-47d6-8633-61bfe909da3e}*SharedItemsImports = 9
		VlppImport\VlppImport.vcxitems*{f17d112f-3d02-4a6b-bb8d-14e7d409774e}*SharedItemsImports = 4
		VlppParser\VlppParser.vcxitems*{f17d112f-3d02-4a6b-bb8d-14e7d409774e}*SharedItemsImports = 4
		VlppParser_Generated\VlppParser_Generated.vcxitems*{f17d112f-3d02-4a6b-bb8d-14e7d409774e}*SharedItemsImports = 4
	EndGlobalSection
	GlobalSection(SolutionConfigurationPlatforms) = preSolution
		Debug|Win32 = Debug|Win32
		Debug|x64 = Debug|x64
		Release|Win32 = Release|Win32
		Release|x64 = Release|x64
	EndGlobalSection
	GlobalSection(ProjectConfigurationPlatforms) = postSolution
		{F17D112F-3D02-4A6B-BB8D-14E7D409774E}.Debug|Win32.ActiveCfg = Debug|Win32
		{F17D112F-3D02-4A6B-BB8D-14E7D409774E}.Debug|Win32.Build.0 = Debug|Win32
		{F17D112F-3D02-4A6B-BB8D-14E7D409774E}.Debug|x64.ActiveCfg = Debug|x64
		{F17D112F-3D02-4A6B-BB8D-14E7D409774E}.Debug|x64.Build.0 = Debug|x64
		{F17D112F-3D02-4A6B-BB8D-14E7D409774E}.Release|Win32.ActiveCfg = Release|Win32
		{F17D112F-3D02-4A6B-BB8D-14E7D409774E}.Release|Win32.Build.0 = Release|Win32
		{F17D112F-3D02-4A6B-BB8D-14E7D409774E}.Release|x64.ActiveCfg = Release|x64
		{F17D112F-3D02-4A6B-BB8D-14E7D409774E}.Release|x64.Build.0 = Release|x64
	EndGlobalSection
	GlobalSection(SolutionProperties) = preSolution
		HideSolutionNode = FALSE
	EndGlobalSection
	GlobalSection(ExtensibilityGlobals) = postSolution
		SolutionGuid = {8EDC039A-6790-435C-8DEA-FC9C5CA35754}
	EndGlobalSection
EndGlobal
